
Microsoft Visual Studio Solution File, Format Version 12.00
# Visual Studio Version 17
VisualStudioVersion = 17.4.33213.308
MinimumVisualStudioVersion = 10.0.40219.1
Project("{FAE04EC0-301F-11D3-BF4B-00C04F79EFBC}") = "WebApplication2", "WebApplication2\WebApplication2.csproj", "{67A8370D-BE88-4C12-9F85-460BA4A2E85A}"
EndProject
Global
	GlobalSection(SolutionConfigurationPlatforms) = preSolution
		Debug|Any CPU = Debug|Any CPU
		Release|Any CPU = Release|Any CPU
	EndGlobalSection
	GlobalSection(ProjectConfigurationPlatforms) = postSolution
		{67A8370D-BE88-4C12-9F85-460BA4A2E85A}.Debug|Any CPU.ActiveCfg = Debug|Any CPU
		{67A8370D-BE88-4C12-9F85-460BA4A2E85A}.Debug|Any CPU.Build.0 = Debug|Any CPU
		{67A8370D-BE88-4C12-9F85-460BA4A2E85A}.Release|Any CPU.ActiveCfg = Release|Any CPU
		{67A8370D-BE88-4C12-9F85-460BA4A2E85A}.Release|Any CPU.Build.0 = Release|Any CPU
	EndGlobalSection
	GlobalSection(SolutionProperties) = preSolution
		HideSolutionNode = FALSE
	EndGlobalSection
	GlobalSection(ExtensibilityGlobals) = postSolution
		SolutionGuid = {DEC7D9C1-C211-4457-A145-A8FDE07E10C5}
	EndGlobalSection
EndGlobal
